
Microsoft Visual Studio Solution File, Format Version 12.00
# Visual Studio Version 17
VisualStudioVersion = 17.6.33829.357
MinimumVisualStudioVersion = 10.0.40219.1
Project("{FAE04EC0-301F-11D3-BF4B-00C04F79EFBC}") = "WhileForEachLoopsDemo", "WhileForEachLoopsDemo\WhileForEachLoopsDemo.csproj", "{1414BB3F-29B0-480A-AC81-BC79D8B28F58}"
EndProject
Global
	GlobalSection(SolutionConfigurationPlatforms) = preSolution
		Debug|Any CPU = Debug|Any CPU
		Release|Any CPU = Release|Any CPU
	EndGlobalSection
	GlobalSection(ProjectConfigurationPlatforms) = postSolution
		{1414BB3F-29B0-480A-AC81-BC79D8B28F58}.Debug|Any CPU.ActiveCfg = Debug|Any CPU
		{1414BB3F-29B0-480A-AC81-BC79D8B28F58}.Debug|Any CPU.Build.0 = Debug|Any CPU
		{1414BB3F-29B0-480A-AC81-BC79D8B28F58}.Release|Any CPU.ActiveCfg = Release|Any CPU
		{1414BB3F-29B0-480A-AC81-BC79D8B28F58}.Release|Any CPU.Build.0 = Release|Any CPU
	EndGlobalSection
	GlobalSection(SolutionProperties) = preSolution
		HideSolutionNode = FALSE
	EndGlobalSection
	GlobalSection(ExtensibilityGlobals) = postSolution
		SolutionGuid = {49EABFC2-EA8D-472C-BBCC-4E8AE250C3BC}
	EndGlobalSection
EndGlobal
